
Microsoft Visual Studio Solution File, Format Version 12.00
# Visual Studio Version 16
VisualStudioVersion = 16.0.29709.97
MinimumVisualStudioVersion = 10.0.40219.1
Project("{9A19103F-16F7-4668-BE54-9A1E7A4F7556}") = "NewPlatform.Flexberry.ORM.ODataService", "NewPlatform.Flexberry.ORM.ODataService\NewPlatform.Flexberry.ORM.ODataService.csproj", "{01BBE45A-3A3F-4EA5-9457-8C62167B5E99}"
EndProject
Project("{2150E333-8FDC-42A3-9474-1A3956D46DE8}") = "NuGet Package Properties", "NuGet Package Properties", "{EF5F8D62-3B41-44F8-B748-E5CE1CBF00A9}"
	ProjectSection(SolutionItems) = preProject
		NewPlatform.Flexberry.ORM.ODataService.nuspec = NewPlatform.Flexberry.ORM.ODataService.nuspec
	EndProjectSection
EndProject
Project("{2150E333-8FDC-42A3-9474-1A3956D46DE8}") = "Tests", "Tests", "{A94D831A-7B5D-40C6-B76B-2B8B6335DB3E}"
EndProject
Project("{9A19103F-16F7-4668-BE54-9A1E7A4F7556}") = "NewPlatform.Flexberry.ORM.ODataService.Tests", "Tests\NewPlatform.Flexberry.ORM.ODataService.Tests\NewPlatform.Flexberry.ORM.ODataService.Tests.csproj", "{8E43819E-6643-4E5F-A3A2-B1C212033DE6}"
	ProjectSection(ProjectDependencies) = postProject
		{5090ACBA-7CD6-4AA7-88A2-15D541573988} = {5090ACBA-7CD6-4AA7-88A2-15D541573988}
	EndProjectSection
EndProject
Project("{9A19103F-16F7-4668-BE54-9A1E7A4F7556}") = "NewPlatform.Flexberry.ORM.ODataService.Tests.Objects", "Tests\Objects\NewPlatform.Flexberry.ORM.ODataService.Tests.Objects.csproj", "{10CE2502-3EEF-4285-935F-E18F5F623C6D}"
EndProject
Project("{9A19103F-16F7-4668-BE54-9A1E7A4F7556}") = "NewPlatform.Flexberry.ORM.ODataService.Tests.BusinessServers", "Tests\BusinessServers\NewPlatform.Flexberry.ORM.ODataService.Tests.BusinessServers.csproj", "{BFB771C3-51D8-4804-BB0F-A0B4BD7981D9}"
EndProject
Project("{2150E333-8FDC-42A3-9474-1A3956D46DE8}") = "Open Source", "Open Source", "{DB00E5CF-65B6-4A94-8C83-A80DB75E9B02}"
	ProjectSection(SolutionItems) = preProject
		.gitignore = .gitignore
		.travis.yml = .travis.yml
		CHANGELOG.md = CHANGELOG.md
		ConfigTuner.ps1 = ConfigTuner.ps1
		LICENSE.md = LICENSE.md
		README.md = README.md
	EndProjectSection
EndProject
Project("{9A19103F-16F7-4668-BE54-9A1E7A4F7556}") = "NewPlatform.Flexberry.ORM.ODataService.Files", "NewPlatform.Flexberry.ORM.ODataService.Files\NewPlatform.Flexberry.ORM.ODataService.Files.csproj", "{22FAA967-EA69-4AE9-9A07-ECEE6C499BBB}"
EndProject
Project("{9A19103F-16F7-4668-BE54-9A1E7A4F7556}") = "NewPlatform.Flexberry.ORM.ODataService.WebApi", "NewPlatform.Flexberry.ORM.ODataService.WebApi\NewPlatform.Flexberry.ORM.ODataService.WebApi.csproj", "{D3EBD348-D0F8-4C1E-BDC0-6C77D9D443CB}"
EndProject
Project("{FAE04EC0-301F-11D3-BF4B-00C04F79EFBC}") = "ODataServiceSample.AspNet", "Samples\ODataServiceSample.AspNet\ODataServiceSample.AspNet.csproj", "{D1CE223D-844E-45FF-BDAD-6252A3F3A4EA}"
EndProject
Project("{9A19103F-16F7-4668-BE54-9A1E7A4F7556}") = "NewPlatform.Flexberry.ORM.ODataServiceCore.Common", "NewPlatform.Flexberry.ORM.ODataServiceCore.Common\NewPlatform.Flexberry.ORM.ODataServiceCore.Common.csproj", "{2C84BB80-78BD-4771-BA5A-32D32DB568DE}"
EndProject
Project("{9A19103F-16F7-4668-BE54-9A1E7A4F7556}") = "NewPlatform.Flexberry.ORM.ODataServiceCore.WebApi", "NewPlatform.Flexberry.ORM.ODataServiceCore.WebApi\NewPlatform.Flexberry.ORM.ODataServiceCore.WebApi.csproj", "{B9E13B47-4A51-4D47-B5B1-2C1A3A8008B1}"
EndProject
Project("{9A19103F-16F7-4668-BE54-9A1E7A4F7556}") = "ODataServiceSample.AspNetCore", "Samples\ODataServiceSample.AspNetCore\ODataServiceSample.AspNetCore.csproj", "{5090ACBA-7CD6-4AA7-88A2-15D541573988}"
EndProject
Project("{2150E333-8FDC-42A3-9474-1A3956D46DE8}") = "Samples", "Samples", "{DE953BA7-BD14-48DA-AAAA-E835DC84497A}"
EndProject
Global
	GlobalSection(SolutionConfigurationPlatforms) = preSolution
		Debug|Any CPU = Debug|Any CPU
		Release|Any CPU = Release|Any CPU
	EndGlobalSection
	GlobalSection(ProjectConfigurationPlatforms) = postSolution
		{01BBE45A-3A3F-4EA5-9457-8C62167B5E99}.Debug|Any CPU.ActiveCfg = Debug|Any CPU
		{01BBE45A-3A3F-4EA5-9457-8C62167B5E99}.Debug|Any CPU.Build.0 = Debug|Any CPU
		{01BBE45A-3A3F-4EA5-9457-8C62167B5E99}.Release|Any CPU.ActiveCfg = Release|Any CPU
		{01BBE45A-3A3F-4EA5-9457-8C62167B5E99}.Release|Any CPU.Build.0 = Release|Any CPU
		{8E43819E-6643-4E5F-A3A2-B1C212033DE6}.Debug|Any CPU.ActiveCfg = Debug|Any CPU
		{8E43819E-6643-4E5F-A3A2-B1C212033DE6}.Debug|Any CPU.Build.0 = Debug|Any CPU
		{8E43819E-6643-4E5F-A3A2-B1C212033DE6}.Release|Any CPU.ActiveCfg = Release|Any CPU
		{8E43819E-6643-4E5F-A3A2-B1C212033DE6}.Release|Any CPU.Build.0 = Release|Any CPU
		{10CE2502-3EEF-4285-935F-E18F5F623C6D}.Debug|Any CPU.ActiveCfg = Debug|Any CPU
		{10CE2502-3EEF-4285-935F-E18F5F623C6D}.Debug|Any CPU.Build.0 = Debug|Any CPU
		{10CE2502-3EEF-4285-935F-E18F5F623C6D}.Release|Any CPU.ActiveCfg = Release|Any CPU
		{10CE2502-3EEF-4285-935F-E18F5F623C6D}.Release|Any CPU.Build.0 = Release|Any CPU
		{BFB771C3-51D8-4804-BB0F-A0B4BD7981D9}.Debug|Any CPU.ActiveCfg = Debug|Any CPU
		{BFB771C3-51D8-4804-BB0F-A0B4BD7981D9}.Debug|Any CPU.Build.0 = Debug|Any CPU
		{BFB771C3-51D8-4804-BB0F-A0B4BD7981D9}.Release|Any CPU.ActiveCfg = Release|Any CPU
		{BFB771C3-51D8-4804-BB0F-A0B4BD7981D9}.Release|Any CPU.Build.0 = Release|Any CPU
		{22FAA967-EA69-4AE9-9A07-ECEE6C499BBB}.Debug|Any CPU.ActiveCfg = Debug|Any CPU
		{22FAA967-EA69-4AE9-9A07-ECEE6C499BBB}.Debug|Any CPU.Build.0 = Debug|Any CPU
		{22FAA967-EA69-4AE9-9A07-ECEE6C499BBB}.Release|Any CPU.ActiveCfg = Release|Any CPU
		{22FAA967-EA69-4AE9-9A07-ECEE6C499BBB}.Release|Any CPU.Build.0 = Release|Any CPU
		{D3EBD348-D0F8-4C1E-BDC0-6C77D9D443CB}.Debug|Any CPU.ActiveCfg = Debug|Any CPU
		{D3EBD348-D0F8-4C1E-BDC0-6C77D9D443CB}.Debug|Any CPU.Build.0 = Debug|Any CPU
		{D3EBD348-D0F8-4C1E-BDC0-6C77D9D443CB}.Release|Any CPU.ActiveCfg = Release|Any CPU
		{D3EBD348-D0F8-4C1E-BDC0-6C77D9D443CB}.Release|Any CPU.Build.0 = Release|Any CPU
		{D1CE223D-844E-45FF-BDAD-6252A3F3A4EA}.Debug|Any CPU.ActiveCfg = Debug|Any CPU
		{D1CE223D-844E-45FF-BDAD-6252A3F3A4EA}.Debug|Any CPU.Build.0 = Debug|Any CPU
		{D1CE223D-844E-45FF-BDAD-6252A3F3A4EA}.Release|Any CPU.ActiveCfg = Release|Any CPU
		{D1CE223D-844E-45FF-BDAD-6252A3F3A4EA}.Release|Any CPU.Build.0 = Release|Any CPU
		{2C84BB80-78BD-4771-BA5A-32D32DB568DE}.Debug|Any CPU.ActiveCfg = Debug|Any CPU
		{2C84BB80-78BD-4771-BA5A-32D32DB568DE}.Debug|Any CPU.Build.0 = Debug|Any CPU
		{2C84BB80-78BD-4771-BA5A-32D32DB568DE}.Release|Any CPU.ActiveCfg = Release|Any CPU
		{2C84BB80-78BD-4771-BA5A-32D32DB568DE}.Release|Any CPU.Build.0 = Release|Any CPU
		{B9E13B47-4A51-4D47-B5B1-2C1A3A8008B1}.Debug|Any CPU.ActiveCfg = Debug|Any CPU
		{B9E13B47-4A51-4D47-B5B1-2C1A3A8008B1}.Debug|Any CPU.Build.0 = Debug|Any CPU
		{B9E13B47-4A51-4D47-B5B1-2C1A3A8008B1}.Release|Any CPU.ActiveCfg = Release|Any CPU
		{B9E13B47-4A51-4D47-B5B1-2C1A3A8008B1}.Release|Any CPU.Build.0 = Release|Any CPU
		{5090ACBA-7CD6-4AA7-88A2-15D541573988}.Debug|Any CPU.ActiveCfg = Debug|Any CPU
		{5090ACBA-7CD6-4AA7-88A2-15D541573988}.Debug|Any CPU.Build.0 = Debug|Any CPU
		{5090ACBA-7CD6-4AA7-88A2-15D541573988}.Release|Any CPU.ActiveCfg = Release|Any CPU
		{5090ACBA-7CD6-4AA7-88A2-15D541573988}.Release|Any CPU.Build.0 = Release|Any CPU
	EndGlobalSection
	GlobalSection(SolutionProperties) = preSolution
		HideSolutionNode = FALSE
	EndGlobalSection
	GlobalSection(NestedProjects) = preSolution
		{8E43819E-6643-4E5F-A3A2-B1C212033DE6} = {A94D831A-7B5D-40C6-B76B-2B8B6335DB3E}
		{10CE2502-3EEF-4285-935F-E18F5F623C6D} = {A94D831A-7B5D-40C6-B76B-2B8B6335DB3E}
		{BFB771C3-51D8-4804-BB0F-A0B4BD7981D9} = {A94D831A-7B5D-40C6-B76B-2B8B6335DB3E}
		{D1CE223D-844E-45FF-BDAD-6252A3F3A4EA} = {DE953BA7-BD14-48DA-AAAA-E835DC84497A}
		{5090ACBA-7CD6-4AA7-88A2-15D541573988} = {DE953BA7-BD14-48DA-AAAA-E835DC84497A}
	EndGlobalSection
	GlobalSection(ExtensibilityGlobals) = postSolution
		EnterpriseLibraryConfigurationToolBinariesPath = packages\Unity.2.1.505.2\lib\NET35;packages\Unity.Interception.2.1.505.0\lib\NET35;packages\EnterpriseLibrary.Common.5.0.505.0\lib\NET35;packages\EnterpriseLibrary.Data.5.0.505.0\lib\NET35;packages\EnterpriseLibrary.Logging.5.0.505.0\lib\NET35;packages\EnterpriseLibrary.Logging.Database.5.0.505.0\lib\NET35
		SolutionGuid = {611B715C-AD46-45B1-BA4E-36C8F1A1896E}
	EndGlobalSection
EndGlobal
